
Microsoft Visual Studio Solution File, Format Version 12.00
# Visual Studio Version 17
VisualStudioVersion = 17.9.34622.214
MinimumVisualStudioVersion = 10.0.40219.1
Project("{FAE04EC0-301F-11D3-BF4B-00C04F79EFBC}") = "QueryBase", "QueryBase\QueryBase.csproj", "{6497EEA1-190F-4DAD-9C02-140C88A69C2E}"
EndProject
Project("{FAE04EC0-301F-11D3-BF4B-00C04F79EFBC}") = "QueryBase.Examples.API", "QueryBase.Examples.API\QueryBase.Examples.API.csproj", "{297A8A39-FB63-49B1-A973-56609512C356}"
EndProject
Project("{FAE04EC0-301F-11D3-BF4B-00C04F79EFBC}") = "QueryBase.Examples.Core", "QueryBase.Examples.Core\QueryBase.Examples.Core.csproj", "{5ECD4748-4A8C-414C-9D03-60343B5CB309}"
EndProject
Global
	GlobalSection(SolutionConfigurationPlatforms) = preSolution
		Debug|Any CPU = Debug|Any CPU
		Release|Any CPU = Release|Any CPU
	EndGlobalSection
	GlobalSection(ProjectConfigurationPlatforms) = postSolution
		{6497EEA1-190F-4DAD-9C02-140C88A69C2E}.Debug|Any CPU.ActiveCfg = Debug|Any CPU
		{6497EEA1-190F-4DAD-9C02-140C88A69C2E}.Debug|Any CPU.Build.0 = Debug|Any CPU
		{6497EEA1-190F-4DAD-9C02-140C88A69C2E}.Release|Any CPU.ActiveCfg = Release|Any CPU
		{6497EEA1-190F-4DAD-9C02-140C88A69C2E}.Release|Any CPU.Build.0 = Release|Any CPU
		{297A8A39-FB63-49B1-A973-56609512C356}.Debug|Any CPU.ActiveCfg = Debug|Any CPU
		{297A8A39-FB63-49B1-A973-56609512C356}.Debug|Any CPU.Build.0 = Debug|Any CPU
		{297A8A39-FB63-49B1-A973-56609512C356}.Release|Any CPU.ActiveCfg = Release|Any CPU
		{297A8A39-FB63-49B1-A973-56609512C356}.Release|Any CPU.Build.0 = Release|Any CPU
		{5ECD4748-4A8C-414C-9D03-60343B5CB309}.Debug|Any CPU.ActiveCfg = Debug|Any CPU
		{5ECD4748-4A8C-414C-9D03-60343B5CB309}.Debug|Any CPU.Build.0 = Debug|Any CPU
		{5ECD4748-4A8C-414C-9D03-60343B5CB309}.Release|Any CPU.ActiveCfg = Release|Any CPU
		{5ECD4748-4A8C-414C-9D03-60343B5CB309}.Release|Any CPU.Build.0 = Release|Any CPU
	EndGlobalSection
	GlobalSection(SolutionProperties) = preSolution
		HideSolutionNode = FALSE
	EndGlobalSection
	GlobalSection(ExtensibilityGlobals) = postSolution
		SolutionGuid = {1AD3D3A1-D34B-448B-89EA-C3D3B7AB31C3}
	EndGlobalSection
EndGlobal
